{
  "name": "asset_audits",
  "lockfileVersion": 2,
  "requires": true,
  "packages": {
    "": {
      "dependencies": {
        "codemirror": "^5.65.18",
        "jquery": "^3.7.1"
      }
    },
    "node_modules/codemirror": {
      "version": "5.65.20",
      "resolved": "https://registry.npmjs.org/codemirror/-/codemirror-5.65.20.tgz",
      "integrity": "sha512-i5dLDDxwkFCbhjvL2pNjShsojoL3XHyDwsGv1jqETUoW+lzpBKKqNTUWgQwVAOa0tUm4BwekT455ujafi8payA=="
    },
    "node_modules/jquery": {
      "version": "3.7.1",
      "resolved": "https://registry.npmjs.org/jquery/-/jquery-3.7.1.tgz",
      "integrity": "sha512-m4avr8yL8kmFN8psrbFFFmB/If14iN5o9nw/NgnnM+kybDJpRsAynV2BsfpTYrTRysYUdADVD7CkUUizgkpLfg=="
    }
  },
  "dependencies": {
    "codemirror": {
      "version": "5.65.20",
      "resolved": "https://registry.npmjs.org/codemirror/-/codemirror-5.65.20.tgz",
      "integrity": "sha512-i5dLDDxwkFCbhjvL2pNjShsojoL3XHyDwsGv1jqETUoW+lzpBKKqNTUWgQwVAOa0tUm4BwekT455ujafi8payA=="
    },
    "jquery": {
      "version": "3.7.1",
      "resolved": "https://registry.npmjs.org/jquery/-/jquery-3.7.1.tgz",
      "integrity": "sha512-m4avr8yL8kmFN8psrbFFFmB/If14iN5o9nw/NgnnM+kybDJpRsAynV2BsfpTYrTRysYUdADVD7CkUUizgkpLfg=="
    }
  }
}
